
Microsoft Visual Studio Solution File, Format Version 12.00
# Visual Studio 2013
VisualStudioVersion = 12.0.31101.0
MinimumVisualStudioVersion = 10.0.40219.1
Project("{FAE04EC0-301F-11D3-BF4B-00C04F79EFBC}") = "Hmwk2", "Hmwk2\Hmwk2.csproj", "{A22C8AB0-49E0-42C0-847D-5902E62803B1}"
EndProject
Project("{FAE04EC0-301F-11D3-BF4B-00C04F79EFBC}") = "ui", "ui\ui.csproj", "{2262CE21-C5AD-4EDE-B384-EC2BD91585E6}"
EndProject
Project("{FAE04EC0-301F-11D3-BF4B-00C04F79EFBC}") = "add3", "add3\add3.csproj", "{6D0A559F-E99B-473D-948C-A724EE338663}"
EndProject
Project("{FAE04EC0-301F-11D3-BF4B-00C04F79EFBC}") = "AppointmentExcersize", "AppointmentExcersize\AppointmentExcersize.csproj", "{2B0AC512-1363-40FB-85DF-0C8DDDF53163}"
EndProject
Project("{FAE04EC0-301F-11D3-BF4B-00C04F79EFBC}") = "DivisionSentencesLab", "DivisionSentencesLab\DivisionSentencesLab.csproj", "{FE12CE09-BDA5-418E-B60B-6C19812120BD}"
EndProject
Project("{FAE04EC0-301F-11D3-BF4B-00C04F79EFBC}") = "Hmwk1", "Hmwk1\Hmwk1.csproj", "{D649F326-C95C-4801-B4BC-3EA52190FEC1}"
EndProject
Project("{FAE04EC0-301F-11D3-BF4B-00C04F79EFBC}") = "OverflowToPositive", "OverflowToPositive\OverflowToPositive.csproj", "{9867A81C-2015-4F8F-84DA-B5F07BB86D5D}"
EndProject
Project("{FAE04EC0-301F-11D3-BF4B-00C04F79EFBC}") = "Quotient", "Quotient\Quotient.csproj", "{34A97323-1EB3-43F7-A400-7A6BF5BECC2B}"
EndProject
Project("{FAE04EC0-301F-11D3-BF4B-00C04F79EFBC}") = "StringLab_2_14", "StringLab_2_14\StringLab_2_14.csproj", "{8A002D75-A3AD-4E07-8B44-580CC3B8BA17}"
EndProject
Project("{FAE04EC0-301F-11D3-BF4B-00C04F79EFBC}") = "tester", "tester\tester.csproj", "{54558E75-7517-4440-A4CF-2EF66B234DCE}"
EndProject
Project("{FAE04EC0-301F-11D3-BF4B-00C04F79EFBC}") = "uifnt", "uifint\uifnt.csproj", "{3B01F76C-479F-4B7A-BFA9-CC5166995BEA}"
EndProject
Project("{FAE04EC0-301F-11D3-BF4B-00C04F79EFBC}") = "String_operations_lab", "String_operations_lab\String_operations_lab.csproj", "{779A608A-F7BA-4D58-9889-B0330AF8A1A4}"
	ProjectSection(ProjectDependencies) = postProject
		{3B01F76C-479F-4B7A-BFA9-CC5166995BEA} = {3B01F76C-479F-4B7A-BFA9-CC5166995BEA}
	EndProjectSection
EndProject
Project("{FAE04EC0-301F-11D3-BF4B-00C04F79EFBC}") = "AgreeFunctionExcercise", "AgreeFunctionExcercise\AgreeFunctionExcercise.csproj", "{6FC8A1E5-4B2D-4407-A014-C74FFBBDF010}"
EndProject
Project("{FAE04EC0-301F-11D3-BF4B-00C04F79EFBC}") = "InteractiveSumExercise", "InteractiveSumExercise\InteractiveSumExercise.csproj", "{37A9501B-1FF0-4E52-90FC-C84D37F27122}"
EndProject
Project("{FAE04EC0-301F-11D3-BF4B-00C04F79EFBC}") = "StringExcercise2_10_1", "StringExcercise2_10_1\StringExcercise2_10_1.csproj", "{91C8E7C9-62F3-4A3A-BE2A-C0AA493DCFFA}"
EndProject
Project("{FAE04EC0-301F-11D3-BF4B-00C04F79EFBC}") = "SafeWholeNumberIntputExcercise", "SafeWholeNumberIntputExcercise\SafeWholeNumberIntputExcercise.csproj", "{7191ABC2-29F7-41C2-9F03-21378830A608}"
EndProject
Project("{FAE04EC0-301F-11D3-BF4B-00C04F79EFBC}") = "DuplicateCharExercise_unfinished", "DuplicateCharExercise\DuplicateCharExercise_unfinished.csproj", "{F2B55B40-C7B9-4361-9A31-E8A382641B26}"
EndProject
Project("{FAE04EC0-301F-11D3-BF4B-00C04F79EFBC}") = "LoopLab_Unfinished", "LoopLab\LoopLab_Unfinished.csproj", "{2F9B6851-E395-48D3-89D9-F952156AB68C}"
EndProject
Project("{FAE04EC0-301F-11D3-BF4B-00C04F79EFBC}") = "SavingsExcercise", "SavingsExcercise\SavingsExcercise.csproj", "{65B84EDF-B299-40E1-8250-4C9CE859978F}"
EndProject
Project("{FAE04EC0-301F-11D3-BF4B-00C04F79EFBC}") = "StrangeSequenceExercise", "StrangeSequenceExercise\StrangeSequenceExercise.csproj", "{A77C6B4F-9D13-4DD6-93DA-8BBCF703A27D}"
EndProject
Project("{FAE04EC0-301F-11D3-BF4B-00C04F79EFBC}") = "RoundoffExcercise2", "RoundoffExcercise2\RoundoffExcercise2.csproj", "{39EB2EEC-1A45-4F7D-9D51-D7E004A64D47}"
EndProject
Project("{FAE04EC0-301F-11D3-BF4B-00C04F79EFBC}") = "Count Reps in String Ex", "Count Reps in String Ex\Count Reps in String Ex.csproj", "{7EC991F4-E008-4653-B814-2B8391A3FCDA}"
EndProject
Project("{FAE04EC0-301F-11D3-BF4B-00C04F79EFBC}") = "Brute-Force GCD Exercise_unfinished", "Brute-Force GCD Exercise\Brute-Force GCD Exercise_unfinished.csproj", "{6A8429ED-4677-4F87-9DE8-A9EED72ECDBF}"
EndProject
Project("{FAE04EC0-301F-11D3-BF4B-00C04F79EFBC}") = "LoanTableExercise", "LoanTableExercise\LoanTableExercise.csproj", "{92D731BF-1391-430C-9685-3400A516BCA1}"
EndProject
Project("{FAE04EC0-301F-11D3-BF4B-00C04F79EFBC}") = "Guess Game Lab", "Guess Game Lab\Guess Game Lab.csproj", "{EF28818C-480C-4F7C-AF10-F97E3B3CA667}"
EndProject
Project("{FAE04EC0-301F-11D3-BF4B-00C04F79EFBC}") = "First_file", "First_file\First_file.csproj", "{0FA0761C-6BBE-4445-9037-2CF36C0C531D}"
EndProject
Project("{FAE04EC0-301F-11D3-BF4B-00C04F79EFBC}") = "print_first_file", "print_first_file\print_first_file.csproj", "{B912BC5B-19A1-417B-BD3F-5EAE07D90575}"
EndProject
Project("{FAE04EC0-301F-11D3-BF4B-00C04F79EFBC}") = "fio", "fio\fio.csproj", "{38702508-4BEE-4055-B478-1F9FA30C1630}"
EndProject
Project("{FAE04EC0-301F-11D3-BF4B-00C04F79EFBC}") = "fio_usage", "fio_usage\fio_usage.csproj", "{1ACB43EC-7B82-4951-9C13-98FD83563E76}"
EndProject
Project("{FAE04EC0-301F-11D3-BF4B-00C04F79EFBC}") = "SafeSumFileExercise", "SafeSumFileExercise\SafeSumFileExercise.csproj", "{8F166A25-209F-4CA8-BC22-CD08047291C5}"
EndProject
Project("{FAE04EC0-301F-11D3-BF4B-00C04F79EFBC}") = "addition1", "addition1\addition1.csproj", "{89B634EC-A1DA-4912-8E48-96EB75179A19}"
EndProject
Project("{FAE04EC0-301F-11D3-BF4B-00C04F79EFBC}") = "addition3", "addition3\addition3.csproj", "{07BB1EF6-0D97-4435-A92D-D84D79530C50}"
EndProject
Project("{FAE04EC0-301F-11D3-BF4B-00C04F79EFBC}") = "sum_file", "sum_file\sum_file.csproj", "{86BB81CE-97EC-4F9C-AD67-3492F53F71B8}"
EndProject
Global
	GlobalSection(SolutionConfigurationPlatforms) = preSolution
		Debug|Any CPU = Debug|Any CPU
		Debug|Mixed Platforms = Debug|Mixed Platforms
		Debug|x86 = Debug|x86
		Release|Any CPU = Release|Any CPU
		Release|Mixed Platforms = Release|Mixed Platforms
		Release|x86 = Release|x86
	EndGlobalSection
	GlobalSection(ProjectConfigurationPlatforms) = postSolution
		{A22C8AB0-49E0-42C0-847D-5902E62803B1}.Debug|Any CPU.ActiveCfg = Debug|x86
		{A22C8AB0-49E0-42C0-847D-5902E62803B1}.Debug|Any CPU.Build.0 = Debug|x86
		{A22C8AB0-49E0-42C0-847D-5902E62803B1}.Debug|Mixed Platforms.ActiveCfg = Debug|x86
		{A22C8AB0-49E0-42C0-847D-5902E62803B1}.Debug|Mixed Platforms.Build.0 = Debug|x86
		{A22C8AB0-49E0-42C0-847D-5902E62803B1}.Debug|x86.ActiveCfg = Debug|x86
		{A22C8AB0-49E0-42C0-847D-5902E62803B1}.Debug|x86.Build.0 = Debug|x86
		{A22C8AB0-49E0-42C0-847D-5902E62803B1}.Release|Any CPU.ActiveCfg = Release|x86
		{A22C8AB0-49E0-42C0-847D-5902E62803B1}.Release|Mixed Platforms.ActiveCfg = Release|x86
		{A22C8AB0-49E0-42C0-847D-5902E62803B1}.Release|Mixed Platforms.Build.0 = Release|x86
		{A22C8AB0-49E0-42C0-847D-5902E62803B1}.Release|x86.ActiveCfg = Release|x86
		{A22C8AB0-49E0-42C0-847D-5902E62803B1}.Release|x86.Build.0 = Release|x86
		{2262CE21-C5AD-4EDE-B384-EC2BD91585E6}.Debug|Any CPU.ActiveCfg = Debug|Any CPU
		{2262CE21-C5AD-4EDE-B384-EC2BD91585E6}.Debug|Any CPU.Build.0 = Debug|Any CPU
		{2262CE21-C5AD-4EDE-B384-EC2BD91585E6}.Debug|Mixed Platforms.ActiveCfg = Debug|Any CPU
		{2262CE21-C5AD-4EDE-B384-EC2BD91585E6}.Debug|Mixed Platforms.Build.0 = Debug|Any CPU
		{2262CE21-C5AD-4EDE-B384-EC2BD91585E6}.Debug|x86.ActiveCfg = Debug|x86
		{2262CE21-C5AD-4EDE-B384-EC2BD91585E6}.Debug|x86.Build.0 = Debug|x86
		{2262CE21-C5AD-4EDE-B384-EC2BD91585E6}.Release|Any CPU.ActiveCfg = Release|Any CPU
		{2262CE21-C5AD-4EDE-B384-EC2BD91585E6}.Release|Any CPU.Build.0 = Release|Any CPU
		{2262CE21-C5AD-4EDE-B384-EC2BD91585E6}.Release|Mixed Platforms.ActiveCfg = Release|Any CPU
		{2262CE21-C5AD-4EDE-B384-EC2BD91585E6}.Release|Mixed Platforms.Build.0 = Release|Any CPU
		{2262CE21-C5AD-4EDE-B384-EC2BD91585E6}.Release|x86.ActiveCfg = Release|Any CPU
		{6D0A559F-E99B-473D-948C-A724EE338663}.Debug|Any CPU.ActiveCfg = Debug|x86
		{6D0A559F-E99B-473D-948C-A724EE338663}.Debug|Any CPU.Build.0 = Debug|x86
		{6D0A559F-E99B-473D-948C-A724EE338663}.Debug|Mixed Platforms.ActiveCfg = Debug|x86
		{6D0A559F-E99B-473D-948C-A724EE338663}.Debug|Mixed Platforms.Build.0 = Debug|x86
		{6D0A559F-E99B-473D-948C-A724EE338663}.Debug|x86.ActiveCfg = Debug|x86
		{6D0A559F-E99B-473D-948C-A724EE338663}.Debug|x86.Build.0 = Debug|x86
		{6D0A559F-E99B-473D-948C-A724EE338663}.Release|Any CPU.ActiveCfg = Release|x86
		{6D0A559F-E99B-473D-948C-A724EE338663}.Release|Mixed Platforms.ActiveCfg = Release|x86
		{6D0A559F-E99B-473D-948C-A724EE338663}.Release|Mixed Platforms.Build.0 = Release|x86
		{6D0A559F-E99B-473D-948C-A724EE338663}.Release|x86.ActiveCfg = Release|x86
		{6D0A559F-E99B-473D-948C-A724EE338663}.Release|x86.Build.0 = Release|x86
		{2B0AC512-1363-40FB-85DF-0C8DDDF53163}.Debug|Any CPU.ActiveCfg = Debug|x86
		{2B0AC512-1363-40FB-85DF-0C8DDDF53163}.Debug|Any CPU.Build.0 = Debug|x86
		{2B0AC512-1363-40FB-85DF-0C8DDDF53163}.Debug|Mixed Platforms.ActiveCfg = Debug|x86
		{2B0AC512-1363-40FB-85DF-0C8DDDF53163}.Debug|Mixed Platforms.Build.0 = Debug|x86
		{2B0AC512-1363-40FB-85DF-0C8DDDF53163}.Debug|x86.ActiveCfg = Debug|x86
		{2B0AC512-1363-40FB-85DF-0C8DDDF53163}.Debug|x86.Build.0 = Debug|x86
		{2B0AC512-1363-40FB-85DF-0C8DDDF53163}.Release|Any CPU.ActiveCfg = Release|x86
		{2B0AC512-1363-40FB-85DF-0C8DDDF53163}.Release|Mixed Platforms.ActiveCfg = Release|x86
		{2B0AC512-1363-40FB-85DF-0C8DDDF53163}.Release|Mixed Platforms.Build.0 = Release|x86
		{2B0AC512-1363-40FB-85DF-0C8DDDF53163}.Release|x86.ActiveCfg = Release|x86
		{2B0AC512-1363-40FB-85DF-0C8DDDF53163}.Release|x86.Build.0 = Release|x86
		{FE12CE09-BDA5-418E-B60B-6C19812120BD}.Debug|Any CPU.ActiveCfg = Debug|x86
		{FE12CE09-BDA5-418E-B60B-6C19812120BD}.Debug|Any CPU.Build.0 = Debug|x86
		{FE12CE09-BDA5-418E-B60B-6C19812120BD}.Debug|Mixed Platforms.ActiveCfg = Debug|x86
		{FE12CE09-BDA5-418E-B60B-6C19812120BD}.Debug|Mixed Platforms.Build.0 = Debug|x86
		{FE12CE09-BDA5-418E-B60B-6C19812120BD}.Debug|x86.ActiveCfg = Debug|x86
		{FE12CE09-BDA5-418E-B60B-6C19812120BD}.Debug|x86.Build.0 = Debug|x86
		{FE12CE09-BDA5-418E-B60B-6C19812120BD}.Release|Any CPU.ActiveCfg = Release|x86
		{FE12CE09-BDA5-418E-B60B-6C19812120BD}.Release|Mixed Platforms.ActiveCfg = Release|x86
		{FE12CE09-BDA5-418E-B60B-6C19812120BD}.Release|Mixed Platforms.Build.0 = Release|x86
		{FE12CE09-BDA5-418E-B60B-6C19812120BD}.Release|x86.ActiveCfg = Release|x86
		{FE12CE09-BDA5-418E-B60B-6C19812120BD}.Release|x86.Build.0 = Release|x86
		{D649F326-C95C-4801-B4BC-3EA52190FEC1}.Debug|Any CPU.ActiveCfg = Debug|x86
		{D649F326-C95C-4801-B4BC-3EA52190FEC1}.Debug|Any CPU.Build.0 = Debug|x86
		{D649F326-C95C-4801-B4BC-3EA52190FEC1}.Debug|Mixed Platforms.ActiveCfg = Debug|x86
		{D649F326-C95C-4801-B4BC-3EA52190FEC1}.Debug|Mixed Platforms.Build.0 = Debug|x86
		{D649F326-C95C-4801-B4BC-3EA52190FEC1}.Debug|x86.ActiveCfg = Debug|x86
		{D649F326-C95C-4801-B4BC-3EA52190FEC1}.Debug|x86.Build.0 = Debug|x86
		{D649F326-C95C-4801-B4BC-3EA52190FEC1}.Release|Any CPU.ActiveCfg = Release|x86
		{D649F326-C95C-4801-B4BC-3EA52190FEC1}.Release|Mixed Platforms.ActiveCfg = Release|x86
		{D649F326-C95C-4801-B4BC-3EA52190FEC1}.Release|Mixed Platforms.Build.0 = Release|x86
		{D649F326-C95C-4801-B4BC-3EA52190FEC1}.Release|x86.ActiveCfg = Release|x86
		{D649F326-C95C-4801-B4BC-3EA52190FEC1}.Release|x86.Build.0 = Release|x86
		{9867A81C-2015-4F8F-84DA-B5F07BB86D5D}.Debug|Any CPU.ActiveCfg = Debug|x86
		{9867A81C-2015-4F8F-84DA-B5F07BB86D5D}.Debug|Any CPU.Build.0 = Debug|x86
		{9867A81C-2015-4F8F-84DA-B5F07BB86D5D}.Debug|Mixed Platforms.ActiveCfg = Debug|x86
		{9867A81C-2015-4F8F-84DA-B5F07BB86D5D}.Debug|Mixed Platforms.Build.0 = Debug|x86
		{9867A81C-2015-4F8F-84DA-B5F07BB86D5D}.Debug|x86.ActiveCfg = Debug|x86
		{9867A81C-2015-4F8F-84DA-B5F07BB86D5D}.Debug|x86.Build.0 = Debug|x86
		{9867A81C-2015-4F8F-84DA-B5F07BB86D5D}.Release|Any CPU.ActiveCfg = Release|x86
		{9867A81C-2015-4F8F-84DA-B5F07BB86D5D}.Release|Mixed Platforms.ActiveCfg = Release|x86
		{9867A81C-2015-4F8F-84DA-B5F07BB86D5D}.Release|Mixed Platforms.Build.0 = Release|x86
		{9867A81C-2015-4F8F-84DA-B5F07BB86D5D}.Release|x86.ActiveCfg = Release|x86
		{9867A81C-2015-4F8F-84DA-B5F07BB86D5D}.Release|x86.Build.0 = Release|x86
		{34A97323-1EB3-43F7-A400-7A6BF5BECC2B}.Debug|Any CPU.ActiveCfg = Debug|x86
		{34A97323-1EB3-43F7-A400-7A6BF5BECC2B}.Debug|Any CPU.Build.0 = Debug|x86
		{34A97323-1EB3-43F7-A400-7A6BF5BECC2B}.Debug|Mixed Platforms.ActiveCfg = Debug|x86
		{34A97323-1EB3-43F7-A400-7A6BF5BECC2B}.Debug|Mixed Platforms.Build.0 = Debug|x86
		{34A97323-1EB3-43F7-A400-7A6BF5BECC2B}.Debug|x86.ActiveCfg = Debug|x86
		{34A97323-1EB3-43F7-A400-7A6BF5BECC2B}.Debug|x86.Build.0 = Debug|x86
		{34A97323-1EB3-43F7-A400-7A6BF5BECC2B}.Release|Any CPU.ActiveCfg = Release|x86
		{34A97323-1EB3-43F7-A400-7A6BF5BECC2B}.Release|Mixed Platforms.ActiveCfg = Release|x86
		{34A97323-1EB3-43F7-A400-7A6BF5BECC2B}.Release|Mixed Platforms.Build.0 = Release|x86
		{34A97323-1EB3-43F7-A400-7A6BF5BECC2B}.Release|x86.ActiveCfg = Release|x86
		{34A97323-1EB3-43F7-A400-7A6BF5BECC2B}.Release|x86.Build.0 = Release|x86
		{8A002D75-A3AD-4E07-8B44-580CC3B8BA17}.Debug|Any CPU.ActiveCfg = Debug|x86
		{8A002D75-A3AD-4E07-8B44-580CC3B8BA17}.Debug|Any CPU.Build.0 = Debug|x86
		{8A002D75-A3AD-4E07-8B44-580CC3B8BA17}.Debug|Mixed Platforms.ActiveCfg = Debug|x86
		{8A002D75-A3AD-4E07-8B44-580CC3B8BA17}.Debug|Mixed Platforms.Build.0 = Debug|x86
		{8A002D75-A3AD-4E07-8B44-580CC3B8BA17}.Debug|x86.ActiveCfg = Debug|x86
		{8A002D75-A3AD-4E07-8B44-580CC3B8BA17}.Debug|x86.Build.0 = Debug|x86
		{8A002D75-A3AD-4E07-8B44-580CC3B8BA17}.Release|Any CPU.ActiveCfg = Release|x86
		{8A002D75-A3AD-4E07-8B44-580CC3B8BA17}.Release|Mixed Platforms.ActiveCfg = Release|x86
		{8A002D75-A3AD-4E07-8B44-580CC3B8BA17}.Release|Mixed Platforms.Build.0 = Release|x86
		{8A002D75-A3AD-4E07-8B44-580CC3B8BA17}.Release|x86.ActiveCfg = Release|x86
		{8A002D75-A3AD-4E07-8B44-580CC3B8BA17}.Release|x86.Build.0 = Release|x86
		{54558E75-7517-4440-A4CF-2EF66B234DCE}.Debug|Any CPU.ActiveCfg = Debug|x86
		{54558E75-7517-4440-A4CF-2EF66B234DCE}.Debug|Any CPU.Build.0 = Debug|x86
		{54558E75-7517-4440-A4CF-2EF66B234DCE}.Debug|Mixed Platforms.ActiveCfg = Debug|x86
		{54558E75-7517-4440-A4CF-2EF66B234DCE}.Debug|Mixed Platforms.Build.0 = Debug|x86
		{54558E75-7517-4440-A4CF-2EF66B234DCE}.Debug|x86.ActiveCfg = Debug|x86
		{54558E75-7517-4440-A4CF-2EF66B234DCE}.Debug|x86.Build.0 = Debug|x86
		{54558E75-7517-4440-A4CF-2EF66B234DCE}.Release|Any CPU.ActiveCfg = Release|x86
		{54558E75-7517-4440-A4CF-2EF66B234DCE}.Release|Mixed Platforms.ActiveCfg = Release|x86
		{54558E75-7517-4440-A4CF-2EF66B234DCE}.Release|Mixed Platforms.Build.0 = Release|x86
		{54558E75-7517-4440-A4CF-2EF66B234DCE}.Release|x86.ActiveCfg = Release|x86
		{54558E75-7517-4440-A4CF-2EF66B234DCE}.Release|x86.Build.0 = Release|x86
		{3B01F76C-479F-4B7A-BFA9-CC5166995BEA}.Debug|Any CPU.ActiveCfg = Debug|Any CPU
		{3B01F76C-479F-4B7A-BFA9-CC5166995BEA}.Debug|Any CPU.Build.0 = Debug|Any CPU
		{3B01F76C-479F-4B7A-BFA9-CC5166995BEA}.Debug|Mixed Platforms.ActiveCfg = Debug|Any CPU
		{3B01F76C-479F-4B7A-BFA9-CC5166995BEA}.Debug|Mixed Platforms.Build.0 = Debug|Any CPU
		{3B01F76C-479F-4B7A-BFA9-CC5166995BEA}.Debug|x86.ActiveCfg = Debug|x86
		{3B01F76C-479F-4B7A-BFA9-CC5166995BEA}.Debug|x86.Build.0 = Debug|x86
		{3B01F76C-479F-4B7A-BFA9-CC5166995BEA}.Release|Any CPU.ActiveCfg = Release|Any CPU
		{3B01F76C-479F-4B7A-BFA9-CC5166995BEA}.Release|Any CPU.Build.0 = Release|Any CPU
		{3B01F76C-479F-4B7A-BFA9-CC5166995BEA}.Release|Mixed Platforms.ActiveCfg = Release|Any CPU
		{3B01F76C-479F-4B7A-BFA9-CC5166995BEA}.Release|Mixed Platforms.Build.0 = Release|Any CPU
		{3B01F76C-479F-4B7A-BFA9-CC5166995BEA}.Release|x86.ActiveCfg = Release|Any CPU
		{779A608A-F7BA-4D58-9889-B0330AF8A1A4}.Debug|Any CPU.ActiveCfg = Debug|Any CPU
		{779A608A-F7BA-4D58-9889-B0330AF8A1A4}.Debug|Any CPU.Build.0 = Debug|Any CPU
		{779A608A-F7BA-4D58-9889-B0330AF8A1A4}.Debug|Mixed Platforms.ActiveCfg = Debug|Any CPU
		{779A608A-F7BA-4D58-9889-B0330AF8A1A4}.Debug|Mixed Platforms.Build.0 = Debug|Any CPU
		{779A608A-F7BA-4D58-9889-B0330AF8A1A4}.Debug|x86.ActiveCfg = Debug|Any CPU
		{779A608A-F7BA-4D58-9889-B0330AF8A1A4}.Release|Any CPU.ActiveCfg = Release|Any CPU
		{779A608A-F7BA-4D58-9889-B0330AF8A1A4}.Release|Any CPU.Build.0 = Release|Any CPU
		{779A608A-F7BA-4D58-9889-B0330AF8A1A4}.Release|Mixed Platforms.ActiveCfg = Release|Any CPU
		{779A608A-F7BA-4D58-9889-B0330AF8A1A4}.Release|Mixed Platforms.Build.0 = Release|Any CPU
		{779A608A-F7BA-4D58-9889-B0330AF8A1A4}.Release|x86.ActiveCfg = Release|Any CPU
		{6FC8A1E5-4B2D-4407-A014-C74FFBBDF010}.Debug|Any CPU.ActiveCfg = Debug|Any CPU
		{6FC8A1E5-4B2D-4407-A014-C74FFBBDF010}.Debug|Any CPU.Build.0 = Debug|Any CPU
		{6FC8A1E5-4B2D-4407-A014-C74FFBBDF010}.Debug|Mixed Platforms.ActiveCfg = Debug|Any CPU
		{6FC8A1E5-4B2D-4407-A014-C74FFBBDF010}.Debug|Mixed Platforms.Build.0 = Debug|Any CPU
		{6FC8A1E5-4B2D-4407-A014-C74FFBBDF010}.Debug|x86.ActiveCfg = Debug|Any CPU
		{6FC8A1E5-4B2D-4407-A014-C74FFBBDF010}.Release|Any CPU.ActiveCfg = Release|Any CPU
		{6FC8A1E5-4B2D-4407-A014-C74FFBBDF010}.Release|Any CPU.Build.0 = Release|Any CPU
		{6FC8A1E5-4B2D-4407-A014-C74FFBBDF010}.Release|Mixed Platforms.ActiveCfg = Release|Any CPU
		{6FC8A1E5-4B2D-4407-A014-C74FFBBDF010}.Release|Mixed Platforms.Build.0 = Release|Any CPU
		{6FC8A1E5-4B2D-4407-A014-C74FFBBDF010}.Release|x86.ActiveCfg = Release|Any CPU
		{37A9501B-1FF0-4E52-90FC-C84D37F27122}.Debug|Any CPU.ActiveCfg = Debug|Any CPU
		{37A9501B-1FF0-4E52-90FC-C84D37F27122}.Debug|Any CPU.Build.0 = Debug|Any CPU
		{37A9501B-1FF0-4E52-90FC-C84D37F27122}.Debug|Mixed Platforms.ActiveCfg = Debug|Any CPU
		{37A9501B-1FF0-4E52-90FC-C84D37F27122}.Debug|Mixed Platforms.Build.0 = Debug|Any CPU
		{37A9501B-1FF0-4E52-90FC-C84D37F27122}.Debug|x86.ActiveCfg = Debug|Any CPU
		{37A9501B-1FF0-4E52-90FC-C84D37F27122}.Release|Any CPU.ActiveCfg = Release|Any CPU
		{37A9501B-1FF0-4E52-90FC-C84D37F27122}.Release|Any CPU.Build.0 = Release|Any CPU
		{37A9501B-1FF0-4E52-90FC-C84D37F27122}.Release|Mixed Platforms.ActiveCfg = Release|Any CPU
		{37A9501B-1FF0-4E52-90FC-C84D37F27122}.Release|Mixed Platforms.Build.0 = Release|Any CPU
		{37A9501B-1FF0-4E52-90FC-C84D37F27122}.Release|x86.ActiveCfg = Release|Any CPU
		{91C8E7C9-62F3-4A3A-BE2A-C0AA493DCFFA}.Debug|Any CPU.ActiveCfg = Debug|Any CPU
		{91C8E7C9-62F3-4A3A-BE2A-C0AA493DCFFA}.Debug|Any CPU.Build.0 = Debug|Any CPU
		{91C8E7C9-62F3-4A3A-BE2A-C0AA493DCFFA}.Debug|Mixed Platforms.ActiveCfg = Debug|Any CPU
		{91C8E7C9-62F3-4A3A-BE2A-C0AA493DCFFA}.Debug|Mixed Platforms.Build.0 = Debug|Any CPU
		{91C8E7C9-62F3-4A3A-BE2A-C0AA493DCFFA}.Debug|x86.ActiveCfg = Debug|Any CPU
		{91C8E7C9-62F3-4A3A-BE2A-C0AA493DCFFA}.Release|Any CPU.ActiveCfg = Release|Any CPU
		{91C8E7C9-62F3-4A3A-BE2A-C0AA493DCFFA}.Release|Any CPU.Build.0 = Release|Any CPU
		{91C8E7C9-62F3-4A3A-BE2A-C0AA493DCFFA}.Release|Mixed Platforms.ActiveCfg = Release|Any CPU
		{91C8E7C9-62F3-4A3A-BE2A-C0AA493DCFFA}.Release|Mixed Platforms.Build.0 = Release|Any CPU
		{91C8E7C9-62F3-4A3A-BE2A-C0AA493DCFFA}.Release|x86.ActiveCfg = Release|Any CPU
		{7191ABC2-29F7-41C2-9F03-21378830A608}.Debug|Any CPU.ActiveCfg = Debug|Any CPU
		{7191ABC2-29F7-41C2-9F03-21378830A608}.Debug|Any CPU.Build.0 = Debug|Any CPU
		{7191ABC2-29F7-41C2-9F03-21378830A608}.Debug|Mixed Platforms.ActiveCfg = Debug|Any CPU
		{7191ABC2-29F7-41C2-9F03-21378830A608}.Debug|Mixed Platforms.Build.0 = Debug|Any CPU
		{7191ABC2-29F7-41C2-9F03-21378830A608}.Debug|x86.ActiveCfg = Debug|Any CPU
		{7191ABC2-29F7-41C2-9F03-21378830A608}.Release|Any CPU.ActiveCfg = Release|Any CPU
		{7191ABC2-29F7-41C2-9F03-21378830A608}.Release|Any CPU.Build.0 = Release|Any CPU
		{7191ABC2-29F7-41C2-9F03-21378830A608}.Release|Mixed Platforms.ActiveCfg = Release|Any CPU
		{7191ABC2-29F7-41C2-9F03-21378830A608}.Release|Mixed Platforms.Build.0 = Release|Any CPU
		{7191ABC2-29F7-41C2-9F03-21378830A608}.Release|x86.ActiveCfg = Release|Any CPU
		{F2B55B40-C7B9-4361-9A31-E8A382641B26}.Debug|Any CPU.ActiveCfg = Debug|Any CPU
		{F2B55B40-C7B9-4361-9A31-E8A382641B26}.Debug|Any CPU.Build.0 = Debug|Any CPU
		{F2B55B40-C7B9-4361-9A31-E8A382641B26}.Debug|Mixed Platforms.ActiveCfg = Debug|Any CPU
		{F2B55B40-C7B9-4361-9A31-E8A382641B26}.Debug|Mixed Platforms.Build.0 = Debug|Any CPU
		{F2B55B40-C7B9-4361-9A31-E8A382641B26}.Debug|x86.ActiveCfg = Debug|Any CPU
		{F2B55B40-C7B9-4361-9A31-E8A382641B26}.Release|Any CPU.ActiveCfg = Release|Any CPU
		{F2B55B40-C7B9-4361-9A31-E8A382641B26}.Release|Any CPU.Build.0 = Release|Any CPU
		{F2B55B40-C7B9-4361-9A31-E8A382641B26}.Release|Mixed Platforms.ActiveCfg = Release|Any CPU
		{F2B55B40-C7B9-4361-9A31-E8A382641B26}.Release|Mixed Platforms.Build.0 = Release|Any CPU
		{F2B55B40-C7B9-4361-9A31-E8A382641B26}.Release|x86.ActiveCfg = Release|Any CPU
		{2F9B6851-E395-48D3-89D9-F952156AB68C}.Debug|Any CPU.ActiveCfg = Debug|Any CPU
		{2F9B6851-E395-48D3-89D9-F952156AB68C}.Debug|Any CPU.Build.0 = Debug|Any CPU
		{2F9B6851-E395-48D3-89D9-F952156AB68C}.Debug|Mixed Platforms.ActiveCfg = Debug|Any CPU
		{2F9B6851-E395-48D3-89D9-F952156AB68C}.Debug|Mixed Platforms.Build.0 = Debug|Any CPU
		{2F9B6851-E395-48D3-89D9-F952156AB68C}.Debug|x86.ActiveCfg = Debug|Any CPU
		{2F9B6851-E395-48D3-89D9-F952156AB68C}.Release|Any CPU.ActiveCfg = Release|Any CPU
		{2F9B6851-E395-48D3-89D9-F952156AB68C}.Release|Any CPU.Build.0 = Release|Any CPU
		{2F9B6851-E395-48D3-89D9-F952156AB68C}.Release|Mixed Platforms.ActiveCfg = Release|Any CPU
		{2F9B6851-E395-48D3-89D9-F952156AB68C}.Release|Mixed Platforms.Build.0 = Release|Any CPU
		{2F9B6851-E395-48D3-89D9-F952156AB68C}.Release|x86.ActiveCfg = Release|Any CPU
		{65B84EDF-B299-40E1-8250-4C9CE859978F}.Debug|Any CPU.ActiveCfg = Debug|Any CPU
		{65B84EDF-B299-40E1-8250-4C9CE859978F}.Debug|Any CPU.Build.0 = Debug|Any CPU
		{65B84EDF-B299-40E1-8250-4C9CE859978F}.Debug|Mixed Platforms.ActiveCfg = Debug|Any CPU
		{65B84EDF-B299-40E1-8250-4C9CE859978F}.Debug|Mixed Platforms.Build.0 = Debug|Any CPU
		{65B84EDF-B299-40E1-8250-4C9CE859978F}.Debug|x86.ActiveCfg = Debug|Any CPU
		{65B84EDF-B299-40E1-8250-4C9CE859978F}.Release|Any CPU.ActiveCfg = Release|Any CPU
		{65B84EDF-B299-40E1-8250-4C9CE859978F}.Release|Any CPU.Build.0 = Release|Any CPU
		{65B84EDF-B299-40E1-8250-4C9CE859978F}.Release|Mixed Platforms.ActiveCfg = Release|Any CPU
		{65B84EDF-B299-40E1-8250-4C9CE859978F}.Release|Mixed Platforms.Build.0 = Release|Any CPU
		{65B84EDF-B299-40E1-8250-4C9CE859978F}.Release|x86.ActiveCfg = Release|Any CPU
		{A77C6B4F-9D13-4DD6-93DA-8BBCF703A27D}.Debug|Any CPU.ActiveCfg = Debug|Any CPU
		{A77C6B4F-9D13-4DD6-93DA-8BBCF703A27D}.Debug|Any CPU.Build.0 = Debug|Any CPU
		{A77C6B4F-9D13-4DD6-93DA-8BBCF703A27D}.Debug|Mixed Platforms.ActiveCfg = Debug|Any CPU
		{A77C6B4F-9D13-4DD6-93DA-8BBCF703A27D}.Debug|Mixed Platforms.Build.0 = Debug|Any CPU
		{A77C6B4F-9D13-4DD6-93DA-8BBCF703A27D}.Debug|x86.ActiveCfg = Debug|Any CPU
		{A77C6B4F-9D13-4DD6-93DA-8BBCF703A27D}.Release|Any CPU.ActiveCfg = Release|Any CPU
		{A77C6B4F-9D13-4DD6-93DA-8BBCF703A27D}.Release|Any CPU.Build.0 = Release|Any CPU
		{A77C6B4F-9D13-4DD6-93DA-8BBCF703A27D}.Release|Mixed Platforms.ActiveCfg = Release|Any CPU
		{A77C6B4F-9D13-4DD6-93DA-8BBCF703A27D}.Release|Mixed Platforms.Build.0 = Release|Any CPU
		{A77C6B4F-9D13-4DD6-93DA-8BBCF703A27D}.Release|x86.ActiveCfg = Release|Any CPU
		{39EB2EEC-1A45-4F7D-9D51-D7E004A64D47}.Debug|Any CPU.ActiveCfg = Debug|Any CPU
		{39EB2EEC-1A45-4F7D-9D51-D7E004A64D47}.Debug|Any CPU.Build.0 = Debug|Any CPU
		{39EB2EEC-1A45-4F7D-9D51-D7E004A64D47}.Debug|Mixed Platforms.ActiveCfg = Debug|Any CPU
		{39EB2EEC-1A45-4F7D-9D51-D7E004A64D47}.Debug|Mixed Platforms.Build.0 = Debug|Any CPU
		{39EB2EEC-1A45-4F7D-9D51-D7E004A64D47}.Debug|x86.ActiveCfg = Debug|Any CPU
		{39EB2EEC-1A45-4F7D-9D51-D7E004A64D47}.Release|Any CPU.ActiveCfg = Release|Any CPU
		{39EB2EEC-1A45-4F7D-9D51-D7E004A64D47}.Release|Any CPU.Build.0 = Release|Any CPU
		{39EB2EEC-1A45-4F7D-9D51-D7E004A64D47}.Release|Mixed Platforms.ActiveCfg = Release|Any CPU
		{39EB2EEC-1A45-4F7D-9D51-D7E004A64D47}.Release|Mixed Platforms.Build.0 = Release|Any CPU
		{39EB2EEC-1A45-4F7D-9D51-D7E004A64D47}.Release|x86.ActiveCfg = Release|Any CPU
		{7EC991F4-E008-4653-B814-2B8391A3FCDA}.Debug|Any CPU.ActiveCfg = Debug|Any CPU
		{7EC991F4-E008-4653-B814-2B8391A3FCDA}.Debug|Any CPU.Build.0 = Debug|Any CPU
		{7EC991F4-E008-4653-B814-2B8391A3FCDA}.Debug|Mixed Platforms.ActiveCfg = Debug|Any CPU
		{7EC991F4-E008-4653-B814-2B8391A3FCDA}.Debug|Mixed Platforms.Build.0 = Debug|Any CPU
		{7EC991F4-E008-4653-B814-2B8391A3FCDA}.Debug|x86.ActiveCfg = Debug|Any CPU
		{7EC991F4-E008-4653-B814-2B8391A3FCDA}.Release|Any CPU.ActiveCfg = Release|Any CPU
		{7EC991F4-E008-4653-B814-2B8391A3FCDA}.Release|Any CPU.Build.0 = Release|Any CPU
		{7EC991F4-E008-4653-B814-2B8391A3FCDA}.Release|Mixed Platforms.ActiveCfg = Release|Any CPU
		{7EC991F4-E008-4653-B814-2B8391A3FCDA}.Release|Mixed Platforms.Build.0 = Release|Any CPU
		{7EC991F4-E008-4653-B814-2B8391A3FCDA}.Release|x86.ActiveCfg = Release|Any CPU
		{6A8429ED-4677-4F87-9DE8-A9EED72ECDBF}.Debug|Any CPU.ActiveCfg = Debug|Any CPU
		{6A8429ED-4677-4F87-9DE8-A9EED72ECDBF}.Debug|Any CPU.Build.0 = Debug|Any CPU
		{6A8429ED-4677-4F87-9DE8-A9EED72ECDBF}.Debug|Mixed Platforms.ActiveCfg = Debug|Any CPU
		{6A8429ED-4677-4F87-9DE8-A9EED72ECDBF}.Debug|Mixed Platforms.Build.0 = Debug|Any CPU
		{6A8429ED-4677-4F87-9DE8-A9EED72ECDBF}.Debug|x86.ActiveCfg = Debug|Any CPU
		{6A8429ED-4677-4F87-9DE8-A9EED72ECDBF}.Release|Any CPU.ActiveCfg = Release|Any CPU
		{6A8429ED-4677-4F87-9DE8-A9EED72ECDBF}.Release|Any CPU.Build.0 = Release|Any CPU
		{6A8429ED-4677-4F87-9DE8-A9EED72ECDBF}.Release|Mixed Platforms.ActiveCfg = Release|Any CPU
		{6A8429ED-4677-4F87-9DE8-A9EED72ECDBF}.Release|Mixed Platforms.Build.0 = Release|Any CPU
		{6A8429ED-4677-4F87-9DE8-A9EED72ECDBF}.Release|x86.ActiveCfg = Release|Any CPU
		{92D731BF-1391-430C-9685-3400A516BCA1}.Debug|Any CPU.ActiveCfg = Debug|Any CPU
		{92D731BF-1391-430C-9685-3400A516BCA1}.Debug|Any CPU.Build.0 = Debug|Any CPU
		{92D731BF-1391-430C-9685-3400A516BCA1}.Debug|Mixed Platforms.ActiveCfg = Debug|Any CPU
		{92D731BF-1391-430C-9685-3400A516BCA1}.Debug|Mixed Platforms.Build.0 = Debug|Any CPU
		{92D731BF-1391-430C-9685-3400A516BCA1}.Debug|x86.ActiveCfg = Debug|Any CPU
		{92D731BF-1391-430C-9685-3400A516BCA1}.Release|Any CPU.ActiveCfg = Release|Any CPU
		{92D731BF-1391-430C-9685-3400A516BCA1}.Release|Any CPU.Build.0 = Release|Any CPU
		{92D731BF-1391-430C-9685-3400A516BCA1}.Release|Mixed Platforms.ActiveCfg = Release|Any CPU
		{92D731BF-1391-430C-9685-3400A516BCA1}.Release|Mixed Platforms.Build.0 = Release|Any CPU
		{92D731BF-1391-430C-9685-3400A516BCA1}.Release|x86.ActiveCfg = Release|Any CPU
		{EF28818C-480C-4F7C-AF10-F97E3B3CA667}.Debug|Any CPU.ActiveCfg = Debug|Any CPU
		{EF28818C-480C-4F7C-AF10-F97E3B3CA667}.Debug|Any CPU.Build.0 = Debug|Any CPU
		{EF28818C-480C-4F7C-AF10-F97E3B3CA667}.Debug|Mixed Platforms.ActiveCfg = Debug|Any CPU
		{EF28818C-480C-4F7C-AF10-F97E3B3CA667}.Debug|Mixed Platforms.Build.0 = Debug|Any CPU
		{EF28818C-480C-4F7C-AF10-F97E3B3CA667}.Debug|x86.ActiveCfg = Debug|Any CPU
		{EF28818C-480C-4F7C-AF10-F97E3B3CA667}.Release|Any CPU.ActiveCfg = Release|Any CPU
		{EF28818C-480C-4F7C-AF10-F97E3B3CA667}.Release|Any CPU.Build.0 = Release|Any CPU
		{EF28818C-480C-4F7C-AF10-F97E3B3CA667}.Release|Mixed Platforms.ActiveCfg = Release|Any CPU
		{EF28818C-480C-4F7C-AF10-F97E3B3CA667}.Release|Mixed Platforms.Build.0 = Release|Any CPU
		{EF28818C-480C-4F7C-AF10-F97E3B3CA667}.Release|x86.ActiveCfg = Release|Any CPU
		{0FA0761C-6BBE-4445-9037-2CF36C0C531D}.Debug|Any CPU.ActiveCfg = Debug|Any CPU
		{0FA0761C-6BBE-4445-9037-2CF36C0C531D}.Debug|Any CPU.Build.0 = Debug|Any CPU
		{0FA0761C-6BBE-4445-9037-2CF36C0C531D}.Debug|Mixed Platforms.ActiveCfg = Debug|Any CPU
		{0FA0761C-6BBE-4445-9037-2CF36C0C531D}.Debug|Mixed Platforms.Build.0 = Debug|Any CPU
		{0FA0761C-6BBE-4445-9037-2CF36C0C531D}.Debug|x86.ActiveCfg = Debug|Any CPU
		{0FA0761C-6BBE-4445-9037-2CF36C0C531D}.Release|Any CPU.ActiveCfg = Release|Any CPU
		{0FA0761C-6BBE-4445-9037-2CF36C0C531D}.Release|Any CPU.Build.0 = Release|Any CPU
		{0FA0761C-6BBE-4445-9037-2CF36C0C531D}.Release|Mixed Platforms.ActiveCfg = Release|Any CPU
		{0FA0761C-6BBE-4445-9037-2CF36C0C531D}.Release|Mixed Platforms.Build.0 = Release|Any CPU
		{0FA0761C-6BBE-4445-9037-2CF36C0C531D}.Release|x86.ActiveCfg = Release|Any CPU
		{B912BC5B-19A1-417B-BD3F-5EAE07D90575}.Debug|Any CPU.ActiveCfg = Debug|Any CPU
		{B912BC5B-19A1-417B-BD3F-5EAE07D90575}.Debug|Any CPU.Build.0 = Debug|Any CPU
		{B912BC5B-19A1-417B-BD3F-5EAE07D90575}.Debug|Mixed Platforms.ActiveCfg = Debug|Any CPU
		{B912BC5B-19A1-417B-BD3F-5EAE07D90575}.Debug|Mixed Platforms.Build.0 = Debug|Any CPU
		{B912BC5B-19A1-417B-BD3F-5EAE07D90575}.Debug|x86.ActiveCfg = Debug|Any CPU
		{B912BC5B-19A1-417B-BD3F-5EAE07D90575}.Release|Any CPU.ActiveCfg = Release|Any CPU
		{B912BC5B-19A1-417B-BD3F-5EAE07D90575}.Release|Any CPU.Build.0 = Release|Any CPU
		{B912BC5B-19A1-417B-BD3F-5EAE07D90575}.Release|Mixed Platforms.ActiveCfg = Release|Any CPU
		{B912BC5B-19A1-417B-BD3F-5EAE07D90575}.Release|Mixed Platforms.Build.0 = Release|Any CPU
		{B912BC5B-19A1-417B-BD3F-5EAE07D90575}.Release|x86.ActiveCfg = Release|Any CPU
		{38702508-4BEE-4055-B478-1F9FA30C1630}.Debug|Any CPU.ActiveCfg = Debug|Any CPU
		{38702508-4BEE-4055-B478-1F9FA30C1630}.Debug|Any CPU.Build.0 = Debug|Any CPU
		{38702508-4BEE-4055-B478-1F9FA30C1630}.Debug|Mixed Platforms.ActiveCfg = Debug|Any CPU
		{38702508-4BEE-4055-B478-1F9FA30C1630}.Debug|Mixed Platforms.Build.0 = Debug|Any CPU
		{38702508-4BEE-4055-B478-1F9FA30C1630}.Debug|x86.ActiveCfg = Debug|Any CPU
		{38702508-4BEE-4055-B478-1F9FA30C1630}.Release|Any CPU.ActiveCfg = Release|Any CPU
		{38702508-4BEE-4055-B478-1F9FA30C1630}.Release|Any CPU.Build.0 = Release|Any CPU
		{38702508-4BEE-4055-B478-1F9FA30C1630}.Release|Mixed Platforms.ActiveCfg = Release|Any CPU
		{38702508-4BEE-4055-B478-1F9FA30C1630}.Release|Mixed Platforms.Build.0 = Release|Any CPU
		{38702508-4BEE-4055-B478-1F9FA30C1630}.Release|x86.ActiveCfg = Release|Any CPU
		{1ACB43EC-7B82-4951-9C13-98FD83563E76}.Debug|Any CPU.ActiveCfg = Debug|x86
		{1ACB43EC-7B82-4951-9C13-98FD83563E76}.Debug|Mixed Platforms.ActiveCfg = Debug|x86
		{1ACB43EC-7B82-4951-9C13-98FD83563E76}.Debug|Mixed Platforms.Build.0 = Debug|x86
		{1ACB43EC-7B82-4951-9C13-98FD83563E76}.Debug|x86.ActiveCfg = Debug|x86
		{1ACB43EC-7B82-4951-9C13-98FD83563E76}.Debug|x86.Build.0 = Debug|x86
		{1ACB43EC-7B82-4951-9C13-98FD83563E76}.Release|Any CPU.ActiveCfg = Release|x86
		{1ACB43EC-7B82-4951-9C13-98FD83563E76}.Release|Mixed Platforms.ActiveCfg = Release|x86
		{1ACB43EC-7B82-4951-9C13-98FD83563E76}.Release|Mixed Platforms.Build.0 = Release|x86
		{1ACB43EC-7B82-4951-9C13-98FD83563E76}.Release|x86.ActiveCfg = Release|x86
		{1ACB43EC-7B82-4951-9C13-98FD83563E76}.Release|x86.Build.0 = Release|x86
		{8F166A25-209F-4CA8-BC22-CD08047291C5}.Debug|Any CPU.ActiveCfg = Debug|Any CPU
		{8F166A25-209F-4CA8-BC22-CD08047291C5}.Debug|Any CPU.Build.0 = Debug|Any CPU
		{8F166A25-209F-4CA8-BC22-CD08047291C5}.Debug|Mixed Platforms.ActiveCfg = Debug|Any CPU
		{8F166A25-209F-4CA8-BC22-CD08047291C5}.Debug|Mixed Platforms.Build.0 = Debug|Any CPU
		{8F166A25-209F-4CA8-BC22-CD08047291C5}.Debug|x86.ActiveCfg = Debug|Any CPU
		{8F166A25-209F-4CA8-BC22-CD08047291C5}.Release|Any CPU.ActiveCfg = Release|Any CPU
		{8F166A25-209F-4CA8-BC22-CD08047291C5}.Release|Any CPU.Build.0 = Release|Any CPU
		{8F166A25-209F-4CA8-BC22-CD08047291C5}.Release|Mixed Platforms.ActiveCfg = Release|Any CPU
		{8F166A25-209F-4CA8-BC22-CD08047291C5}.Release|Mixed Platforms.Build.0 = Release|Any CPU
		{8F166A25-209F-4CA8-BC22-CD08047291C5}.Release|x86.ActiveCfg = Release|Any CPU
		{89B634EC-A1DA-4912-8E48-96EB75179A19}.Debug|Any CPU.ActiveCfg = Debug|x86
		{89B634EC-A1DA-4912-8E48-96EB75179A19}.Debug|Mixed Platforms.ActiveCfg = Debug|x86
		{89B634EC-A1DA-4912-8E48-96EB75179A19}.Debug|Mixed Platforms.Build.0 = Debug|x86
		{89B634EC-A1DA-4912-8E48-96EB75179A19}.Debug|x86.ActiveCfg = Debug|x86
		{89B634EC-A1DA-4912-8E48-96EB75179A19}.Debug|x86.Build.0 = Debug|x86
		{89B634EC-A1DA-4912-8E48-96EB75179A19}.Release|Any CPU.ActiveCfg = Release|x86
		{89B634EC-A1DA-4912-8E48-96EB75179A19}.Release|Mixed Platforms.ActiveCfg = Release|x86
		{89B634EC-A1DA-4912-8E48-96EB75179A19}.Release|Mixed Platforms.Build.0 = Release|x86
		{89B634EC-A1DA-4912-8E48-96EB75179A19}.Release|x86.ActiveCfg = Release|x86
		{89B634EC-A1DA-4912-8E48-96EB75179A19}.Release|x86.Build.0 = Release|x86
		{07BB1EF6-0D97-4435-A92D-D84D79530C50}.Debug|Any CPU.ActiveCfg = Debug|x86
		{07BB1EF6-0D97-4435-A92D-D84D79530C50}.Debug|Mixed Platforms.ActiveCfg = Debug|x86
		{07BB1EF6-0D97-4435-A92D-D84D79530C50}.Debug|Mixed Platforms.Build.0 = Debug|x86
		{07BB1EF6-0D97-4435-A92D-D84D79530C50}.Debug|x86.ActiveCfg = Debug|x86
		{07BB1EF6-0D97-4435-A92D-D84D79530C50}.Debug|x86.Build.0 = Debug|x86
		{07BB1EF6-0D97-4435-A92D-D84D79530C50}.Release|Any CPU.ActiveCfg = Release|x86
		{07BB1EF6-0D97-4435-A92D-D84D79530C50}.Release|Mixed Platforms.ActiveCfg = Release|x86
		{07BB1EF6-0D97-4435-A92D-D84D79530C50}.Release|Mixed Platforms.Build.0 = Release|x86
		{07BB1EF6-0D97-4435-A92D-D84D79530C50}.Release|x86.ActiveCfg = Release|x86
		{07BB1EF6-0D97-4435-A92D-D84D79530C50}.Release|x86.Build.0 = Release|x86
		{86BB81CE-97EC-4F9C-AD67-3492F53F71B8}.Debug|Any CPU.ActiveCfg = Debug|x86
		{86BB81CE-97EC-4F9C-AD67-3492F53F71B8}.Debug|Mixed Platforms.ActiveCfg = Debug|x86
		{86BB81CE-97EC-4F9C-AD67-3492F53F71B8}.Debug|Mixed Platforms.Build.0 = Debug|x86
		{86BB81CE-97EC-4F9C-AD67-3492F53F71B8}.Debug|x86.ActiveCfg = Debug|x86
		{86BB81CE-97EC-4F9C-AD67-3492F53F71B8}.Debug|x86.Build.0 = Debug|x86
		{86BB81CE-97EC-4F9C-AD67-3492F53F71B8}.Release|Any CPU.ActiveCfg = Release|x86
		{86BB81CE-97EC-4F9C-AD67-3492F53F71B8}.Release|Mixed Platforms.ActiveCfg = Release|x86
		{86BB81CE-97EC-4F9C-AD67-3492F53F71B8}.Release|Mixed Platforms.Build.0 = Release|x86
		{86BB81CE-97EC-4F9C-AD67-3492F53F71B8}.Release|x86.ActiveCfg = Release|x86
		{86BB81CE-97EC-4F9C-AD67-3492F53F71B8}.Release|x86.Build.0 = Release|x86
	EndGlobalSection
	GlobalSection(SolutionProperties) = preSolution
		HideSolutionNode = FALSE
	EndGlobalSection
	GlobalSection(MonoDevelopProperties) = preSolution
		StartupItem = Hmwk2\Hmwk2.csproj
		Policies = $0
		$0.DotNetNamingPolicy = $1
		$1.DirectoryNamespaceAssociation = None
		$1.ResourceNamePolicy = FileFormatDefault
		$0.TextStylePolicy = $5
		$2.inheritsSet = VisualStudio
		$2.inheritsScope = text/plain
		$2.scope = text/x-csharp
		$0.CSharpFormattingPolicy = $3
		$3.IndentSwitchBody = True
		$3.IndentBlocksInsideExpressions = True
		$3.AnonymousMethodBraceStyle = NextLine
		$3.PropertyBraceStyle = NextLine
		$3.PropertyGetBraceStyle = NextLine
		$3.PropertySetBraceStyle = NextLine
		$3.EventBraceStyle = NextLine
		$3.EventAddBraceStyle = NextLine
		$3.EventRemoveBraceStyle = NextLine
		$3.StatementBraceStyle = NextLine
		$3.ElseNewLinePlacement = NewLine
		$3.CatchNewLinePlacement = NewLine
		$3.FinallyNewLinePlacement = NewLine
		$3.WhileNewLinePlacement = DoNotCare
		$3.ArrayInitializerWrapping = DoNotChange
		$3.ArrayInitializerBraceStyle = NextLine
		$3.BeforeMethodDeclarationParentheses = False
		$3.BeforeMethodCallParentheses = False
		$3.BeforeConstructorDeclarationParentheses = False
		$3.NewLineBeforeConstructorInitializerColon = NewLine
		$3.NewLineAfterConstructorInitializerColon = SameLine
		$3.BeforeDelegateDeclarationParentheses = False
		$3.NewParentheses = False
		$3.SpacesBeforeBrackets = False
		$3.inheritsSet = Mono
		$3.inheritsScope = text/x-csharp
		$3.scope = text/x-csharp
		$0.VersionControlPolicy = $4
		$4.inheritsSet = Mono
		$5.inheritsSet = VisualStudio
		$5.inheritsScope = text/plain
		$5.scope = text/plain
	EndGlobalSection
EndGlobal
